
Microsoft Visual Studio Solution File, Format Version 12.00
# Visual Studio Version 17
VisualStudioVersion = 17.0.31903.59
MinimumVisualStudioVersion = 10.0.40219.1
Project("{2150E333-8FDC-42A3-9474-1A3956D46DE8}") = "src", "src", "{7C4F9FE3-C0AF-428E-8495-4BAB39E16216}"
EndProject
Project("{FAE04EC0-301F-11D3-BF4B-00C04F79EFBC}") = "AuctionService", "src\AuctionService\AuctionService.csproj", "{C0BF7E1A-6B1E-4676-B58B-752DFC0F6AA5}"
EndProject
Project("{FAE04EC0-301F-11D3-BF4B-00C04F79EFBC}") = "SearchService", "src\SearchService\SearchService.csproj", "{7362BDA5-AF1F-4EA0-85BF-647AAE19D496}"
EndProject
Project("{FAE04EC0-301F-11D3-BF4B-00C04F79EFBC}") = "Contracts", "src\Contracts\Contracts.csproj", "{B9707CD7-14FF-44DA-A7BC-4956637292E4}"
EndProject
Global
	GlobalSection(SolutionConfigurationPlatforms) = preSolution
		Debug|Any CPU = Debug|Any CPU
		Release|Any CPU = Release|Any CPU
	EndGlobalSection
	GlobalSection(SolutionProperties) = preSolution
		HideSolutionNode = FALSE
	EndGlobalSection
	GlobalSection(ProjectConfigurationPlatforms) = postSolution
		{C0BF7E1A-6B1E-4676-B58B-752DFC0F6AA5}.Debug|Any CPU.ActiveCfg = Debug|Any CPU
		{C0BF7E1A-6B1E-4676-B58B-752DFC0F6AA5}.Debug|Any CPU.Build.0 = Debug|Any CPU
		{C0BF7E1A-6B1E-4676-B58B-752DFC0F6AA5}.Release|Any CPU.ActiveCfg = Release|Any CPU
		{C0BF7E1A-6B1E-4676-B58B-752DFC0F6AA5}.Release|Any CPU.Build.0 = Release|Any CPU
		{7362BDA5-AF1F-4EA0-85BF-647AAE19D496}.Debug|Any CPU.ActiveCfg = Debug|Any CPU
		{7362BDA5-AF1F-4EA0-85BF-647AAE19D496}.Debug|Any CPU.Build.0 = Debug|Any CPU
		{7362BDA5-AF1F-4EA0-85BF-647AAE19D496}.Release|Any CPU.ActiveCfg = Release|Any CPU
		{7362BDA5-AF1F-4EA0-85BF-647AAE19D496}.Release|Any CPU.Build.0 = Release|Any CPU
		{B9707CD7-14FF-44DA-A7BC-4956637292E4}.Debug|Any CPU.ActiveCfg = Debug|Any CPU
		{B9707CD7-14FF-44DA-A7BC-4956637292E4}.Debug|Any CPU.Build.0 = Debug|Any CPU
		{B9707CD7-14FF-44DA-A7BC-4956637292E4}.Release|Any CPU.ActiveCfg = Release|Any CPU
		{B9707CD7-14FF-44DA-A7BC-4956637292E4}.Release|Any CPU.Build.0 = Release|Any CPU
	EndGlobalSection
	GlobalSection(NestedProjects) = preSolution
		{C0BF7E1A-6B1E-4676-B58B-752DFC0F6AA5} = {7C4F9FE3-C0AF-428E-8495-4BAB39E16216}
		{7362BDA5-AF1F-4EA0-85BF-647AAE19D496} = {7C4F9FE3-C0AF-428E-8495-4BAB39E16216}
		{B9707CD7-14FF-44DA-A7BC-4956637292E4} = {7C4F9FE3-C0AF-428E-8495-4BAB39E16216}
	EndGlobalSection
EndGlobal
